
Microsoft Visual Studio Solution File, Format Version 12.00
# Visual Studio Version 16
VisualStudioVersion = 16.0.30907.101
MinimumVisualStudioVersion = 10.0.40219.1
Project("{9A19103F-16F7-4668-BE54-9A1E7A4F7556}") = "DeveloperPortal", "DeveloperPortal\DeveloperPortal.csproj", "{0D87EE7D-4A0C-4A69-9D42-0CFCF91023F3}"
	ProjectSection(ProjectDependencies) = postProject
		{AEB94CC5-F50F-452B-9A83-71C7DF39EC3D} = {AEB94CC5-F50F-452B-9A83-71C7DF39EC3D}
	EndProjectSection
EndProject
Project("{FAE04EC0-301F-11D3-BF4B-00C04F79EFBC}") = "GraphQLBlockCode", "GraphQLBlockCode\GraphQLBlockCode.csproj", "{AEB94CC5-F50F-452B-9A83-71C7DF39EC3D}"
EndProject
Global
	GlobalSection(SolutionConfigurationPlatforms) = preSolution
		Debug|Any CPU = Debug|Any CPU
		Release|Any CPU = Release|Any CPU
	EndGlobalSection
	GlobalSection(ProjectConfigurationPlatforms) = postSolution
		{0D87EE7D-4A0C-4A69-9D42-0CFCF91023F3}.Debug|Any CPU.ActiveCfg = Debug|Any CPU
		{0D87EE7D-4A0C-4A69-9D42-0CFCF91023F3}.Debug|Any CPU.Build.0 = Debug|Any CPU
		{0D87EE7D-4A0C-4A69-9D42-0CFCF91023F3}.Release|Any CPU.ActiveCfg = Release|Any CPU
		{0D87EE7D-4A0C-4A69-9D42-0CFCF91023F3}.Release|Any CPU.Build.0 = Release|Any CPU
		{AEB94CC5-F50F-452B-9A83-71C7DF39EC3D}.Debug|Any CPU.ActiveCfg = Debug|Any CPU
		{AEB94CC5-F50F-452B-9A83-71C7DF39EC3D}.Debug|Any CPU.Build.0 = Debug|Any CPU
		{AEB94CC5-F50F-452B-9A83-71C7DF39EC3D}.Release|Any CPU.ActiveCfg = Release|Any CPU
		{AEB94CC5-F50F-452B-9A83-71C7DF39EC3D}.Release|Any CPU.Build.0 = Release|Any CPU
	EndGlobalSection
	GlobalSection(SolutionProperties) = preSolution
		HideSolutionNode = FALSE
	EndGlobalSection
	GlobalSection(ExtensibilityGlobals) = postSolution
		SolutionGuid = {BF856F8F-5FB0-4946-96F7-1194B53C6EFB}
	EndGlobalSection
EndGlobal
